
Microsoft Visual Studio Solution File, Format Version 12.00
# Visual Studio Version 17
VisualStudioVersion = 17.8.34112.27
MinimumVisualStudioVersion = 10.0.40219.1
Project("{9A19103F-16F7-4668-BE54-9A1E7A4F7556}") = "ClassLibrary", "ClassLibrary\ClassLibrary.csproj", "{46CE6793-D304-4520-908A-7C98BE64B5D5}"
EndProject
Project("{9A19103F-16F7-4668-BE54-9A1E7A4F7556}") = "MinimalApi", "MinimalApi\MinimalApi.csproj", "{F4A1F366-0C68-41AD-8EAD-65F494E03ECC}"
EndProject
Project("{9A19103F-16F7-4668-BE54-9A1E7A4F7556}") = "SlackWebhook", "SlackWebhook\SlackWebhook.csproj", "{9CF50489-04FD-4922-B6CC-204783CCE44C}"
EndProject
Project("{9A19103F-16F7-4668-BE54-9A1E7A4F7556}") = "ConsoleApp1", "ConsoleApp1\ConsoleApp1.csproj", "{B617929C-63C3-4D58-97C9-AEE1BE9AB75E}"
EndProject
Project("{2150E333-8FDC-42A3-9474-1A3956D46DE8}") = "1. Hot Reload", "1. Hot Reload", "{5EEA1F49-57EF-4C5C-A73E-905173CEDA57}"
EndProject
Project("{2150E333-8FDC-42A3-9474-1A3956D46DE8}") = "2. DevTunnels", "2. DevTunnels", "{6E3135C4-ACFB-4197-AB8A-FE46BE244D99}"
EndProject
Project("{2150E333-8FDC-42A3-9474-1A3956D46DE8}") = "3. HTTP Files", "3. HTTP Files", "{42F413FC-8E93-44F2-9619-B2ABE4BF72EF}"
EndProject
Project("{FAE04EC0-301F-11D3-BF4B-00C04F79EFBC}") = "HotReload", "HotReload\HotReload.csproj", "{DE23CF74-8645-4590-8F5C-4521D7DFEA93}"
EndProject
Project("{FAE04EC0-301F-11D3-BF4B-00C04F79EFBC}") = "DevTunnelsWebPage", "DevTunnelsWebPage\DevTunnelsWebPage.csproj", "{75AAEFC2-78DE-49A0-BB33-2FE4CE8C44CD}"
EndProject
Project("{2150E333-8FDC-42A3-9474-1A3956D46DE8}") = "4. Git", "4. Git", "{06DE15D8-DD5A-4AC9-9500-671529019AA1}"
EndProject
Global
	GlobalSection(SolutionConfigurationPlatforms) = preSolution
		Debug|Any CPU = Debug|Any CPU
		Release|Any CPU = Release|Any CPU
	EndGlobalSection
	GlobalSection(ProjectConfigurationPlatforms) = postSolution
		{46CE6793-D304-4520-908A-7C98BE64B5D5}.Debug|Any CPU.ActiveCfg = Debug|Any CPU
		{46CE6793-D304-4520-908A-7C98BE64B5D5}.Debug|Any CPU.Build.0 = Debug|Any CPU
		{46CE6793-D304-4520-908A-7C98BE64B5D5}.Release|Any CPU.ActiveCfg = Release|Any CPU
		{46CE6793-D304-4520-908A-7C98BE64B5D5}.Release|Any CPU.Build.0 = Release|Any CPU
		{F4A1F366-0C68-41AD-8EAD-65F494E03ECC}.Debug|Any CPU.ActiveCfg = Debug|Any CPU
		{F4A1F366-0C68-41AD-8EAD-65F494E03ECC}.Debug|Any CPU.Build.0 = Debug|Any CPU
		{F4A1F366-0C68-41AD-8EAD-65F494E03ECC}.Release|Any CPU.ActiveCfg = Release|Any CPU
		{F4A1F366-0C68-41AD-8EAD-65F494E03ECC}.Release|Any CPU.Build.0 = Release|Any CPU
		{9CF50489-04FD-4922-B6CC-204783CCE44C}.Debug|Any CPU.ActiveCfg = Debug|Any CPU
		{9CF50489-04FD-4922-B6CC-204783CCE44C}.Debug|Any CPU.Build.0 = Debug|Any CPU
		{9CF50489-04FD-4922-B6CC-204783CCE44C}.Release|Any CPU.ActiveCfg = Release|Any CPU
		{9CF50489-04FD-4922-B6CC-204783CCE44C}.Release|Any CPU.Build.0 = Release|Any CPU
		{B617929C-63C3-4D58-97C9-AEE1BE9AB75E}.Debug|Any CPU.ActiveCfg = Debug|Any CPU
		{B617929C-63C3-4D58-97C9-AEE1BE9AB75E}.Debug|Any CPU.Build.0 = Debug|Any CPU
		{B617929C-63C3-4D58-97C9-AEE1BE9AB75E}.Release|Any CPU.ActiveCfg = Release|Any CPU
		{B617929C-63C3-4D58-97C9-AEE1BE9AB75E}.Release|Any CPU.Build.0 = Release|Any CPU
		{DE23CF74-8645-4590-8F5C-4521D7DFEA93}.Debug|Any CPU.ActiveCfg = Debug|Any CPU
		{DE23CF74-8645-4590-8F5C-4521D7DFEA93}.Debug|Any CPU.Build.0 = Debug|Any CPU
		{DE23CF74-8645-4590-8F5C-4521D7DFEA93}.Release|Any CPU.ActiveCfg = Release|Any CPU
		{DE23CF74-8645-4590-8F5C-4521D7DFEA93}.Release|Any CPU.Build.0 = Release|Any CPU
		{75AAEFC2-78DE-49A0-BB33-2FE4CE8C44CD}.Debug|Any CPU.ActiveCfg = Debug|Any CPU
		{75AAEFC2-78DE-49A0-BB33-2FE4CE8C44CD}.Debug|Any CPU.Build.0 = Debug|Any CPU
		{75AAEFC2-78DE-49A0-BB33-2FE4CE8C44CD}.Release|Any CPU.ActiveCfg = Release|Any CPU
		{75AAEFC2-78DE-49A0-BB33-2FE4CE8C44CD}.Release|Any CPU.Build.0 = Release|Any CPU
	EndGlobalSection
	GlobalSection(SolutionProperties) = preSolution
		HideSolutionNode = FALSE
	EndGlobalSection
	GlobalSection(NestedProjects) = preSolution
		{F4A1F366-0C68-41AD-8EAD-65F494E03ECC} = {42F413FC-8E93-44F2-9619-B2ABE4BF72EF}
		{9CF50489-04FD-4922-B6CC-204783CCE44C} = {6E3135C4-ACFB-4197-AB8A-FE46BE244D99}
		{DE23CF74-8645-4590-8F5C-4521D7DFEA93} = {5EEA1F49-57EF-4C5C-A73E-905173CEDA57}
		{75AAEFC2-78DE-49A0-BB33-2FE4CE8C44CD} = {6E3135C4-ACFB-4197-AB8A-FE46BE244D99}
	EndGlobalSection
	GlobalSection(ExtensibilityGlobals) = postSolution
		SolutionGuid = {EF871227-63C5-4606-B892-7848C9CFC345}
	EndGlobalSection
EndGlobal
